
Microsoft Visual Studio Solution File, Format Version 12.00
# Visual Studio Version 16
VisualStudioVersion = 16.0.809.3
MinimumVisualStudioVersion = 10.0.40219.1
Project("{FAE04EC0-301F-11D3-BF4B-00C04F79EFBC}") = "TaskAPI", "TaskAPI\TaskAPI.csproj", "{003C3311-B2CF-41C2-8CDB-7C9FCDBF1F5F}"
EndProject
Global
	GlobalSection(SolutionConfigurationPlatforms) = preSolution
		Debug|Any CPU = Debug|Any CPU
		Release|Any CPU = Release|Any CPU
	EndGlobalSection
	GlobalSection(ProjectConfigurationPlatforms) = postSolution
		{003C3311-B2CF-41C2-8CDB-7C9FCDBF1F5F}.Debug|Any CPU.ActiveCfg = Debug|Any CPU
		{003C3311-B2CF-41C2-8CDB-7C9FCDBF1F5F}.Debug|Any CPU.Build.0 = Debug|Any CPU
		{003C3311-B2CF-41C2-8CDB-7C9FCDBF1F5F}.Release|Any CPU.ActiveCfg = Release|Any CPU
		{003C3311-B2CF-41C2-8CDB-7C9FCDBF1F5F}.Release|Any CPU.Build.0 = Release|Any ProjectConfigurationPlatforms
	EndGlobalSection
	GlobalSection(SolutionProperties) = preSolution
		HideSolutionNode = FALSE
	EndGlobalSection
	GlobalSection(ExtensibilityGlobals) = postSolution
		SolutionGuid = {23EA4C7A-2233-4C61-9634-AE98EA7FF067}
	EndGlobalSection
EndGlobal
